{
  "nodes": {
    "nixpkgs": {
      "locked": {
        "lastModified": 1775771208,
        "narHash": "sha256-dBRhZjKYftxc8mFTWb1vqdz0f3hDIyFpM7fc37l84rA=",
        "owner": "nixos",
        "repo": "nixpkgs",
        "rev": "e12eeddf5bb0ba60eeee19575ffc55c519649040",
        "type": "github"
      },
      "original": {
        "owner": "NixOS",
        "ref": "nixos-unstable",
        "repo": "nixpkgs",
        "type": "github"
      }
    },
    "root": {
      "inputs": {
        "nixpkgs": "nixpkgs"
      }
    }
  },
  "root": "root",
  "version": 7
}
